
Microsoft Visual Studio Solution File, Format Version 12.00
# Visual Studio Version 17
VisualStudioVersion = 17.6.33723.286
MinimumVisualStudioVersion = 10.0.40219.1
Project("{FAE04EC0-301F-11D3-BF4B-00C04F79EFBC}") = "14112023_Jquery", "14112023_Jquery\14112023_Jquery.csproj", "{D3E6D345-95EA-46EB-AE33-1C0A291F89A4}"
EndProject
Global
	GlobalSection(SolutionConfigurationPlatforms) = preSolution
		Debug|Any CPU = Debug|Any CPU
		Release|Any CPU = Release|Any CPU
	EndGlobalSection
	GlobalSection(ProjectConfigurationPlatforms) = postSolution
		{D3E6D345-95EA-46EB-AE33-1C0A291F89A4}.Debug|Any CPU.ActiveCfg = Debug|Any CPU
		{D3E6D345-95EA-46EB-AE33-1C0A291F89A4}.Debug|Any CPU.Build.0 = Debug|Any CPU
		{D3E6D345-95EA-46EB-AE33-1C0A291F89A4}.Release|Any CPU.ActiveCfg = Release|Any CPU
		{D3E6D345-95EA-46EB-AE33-1C0A291F89A4}.Release|Any CPU.Build.0 = Release|Any CPU
	EndGlobalSection
	GlobalSection(SolutionProperties) = preSolution
		HideSolutionNode = FALSE
	EndGlobalSection
	GlobalSection(ExtensibilityGlobals) = postSolution
		SolutionGuid = {7BF109EC-F43B-45B5-B6A3-E4A68EB38471}
	EndGlobalSection
EndGlobal
